// !$*UTF8*$!
{
	archiveVersion = 1;
	classes = {
	};
	objectVersion = 46;
	objects = {

/* Begin PBXBuildFile section */
		22138AAE1F1CB01200B5532B /* main.m in Sources */ = {isa = PBXBuildFile; fileRef = 22138AAD1F1CB01200B5532B /* main.m */; };
		22138AB61F1CB05000B5532B /* Tiger.m in Sources */ = {isa = PBXBuildFile; fileRef = 22138AB51F1CB05000B5532B /* Tiger.m */; };
/* End PBXBuildFile section */

/* Begin PBXCopyFilesBuildPhase section */
		22138AA81F1CB01200B5532B /* CopyFiles */ = {
			isa = PBXCopyFilesBuildPhase;
			buildActionMask = 2147483647;
			dstPath = /usr/share/man/man1/;
			dstSubfolderSpec = 0;
			files = (
			);
			runOnlyForDeploymentPostprocessing = 1;
		};
/* End PBXCopyFilesBuildPhase section */

/* Begin PBXFileReference section */
		22138AAA1F1CB01200B5532B /* MemoryDirectivesReview */ = {isa = PBXFileReference; explicitFileType = "compiled.mach-o.executable"; includeInIndex = 0; path = MemoryDirectivesReview; sourceTree = BUILT_PRODUCTS_DIR; };
		22138AAD1F1CB01200B5532B /* main.m */ = {isa = PBXFileReference; lastKnownFileType = sourcecode.c.objc; path = main.m; sourceTree = "<group>"; };
		22138AB41F1CB05000B5532B /* Tiger.h */ = {isa = PBXFileReference; fileEncoding = 4; lastKnownFileType = sourcecode.c.h; path = Tiger.h; sourceTree = "<group>"; };
		22138AB51F1CB05000B5532B /* Tiger.m */ = {isa = PBXFileReference; fileEncoding = 4; lastKnownFileType = sourcecode.c.objc; path = Tiger.m; sourceTree = "<group>"; };
/* End PBXFileReference section */

/* Begin PBXFrameworksBuildPhase section */
		22138AA71F1CB01200B5532B /* Frameworks */ = {
			isa = PBXFrameworksBuildPhase;
			buildActionMask = 2147483647;
			files = (
			);
			runOnlyForDeploymentPostprocessing = 0;
		};
/* End PBXFrameworksBuildPhase section */

/* Begin PBXGroup section */
		22138AA11F1CB01200B5532B = {
			isa = PBXGroup;
			children = (
				22138AAC1F1CB01200B5532B /* MemoryDirectivesReview */,
				22138AAB1F1CB01200B5532B /* Products */,
			);
			sourceTree = "<group>";
		};
		22138AAB1F1CB01200B5532B /* Products */ = {
			isa = PBXGroup;
			children = (
				22138AAA1F1CB01200B5532B /* MemoryDirectivesReview */,
			);
			name = Products;
			sourceTree = "<group>";
		};
		22138AAC1F1CB01200B5532B /* MemoryDirectivesReview */ = {
			isa = PBXGroup;
			children = (
				22138AAD1F1CB01200B5532B /* main.m */,
				22138AB41F1CB05000B5532B /* Tiger.h */,
				22138AB51F1CB05000B5532B /* Tiger.m */,
			);
			path = MemoryDirectivesReview;
			sourceTree = "<group>";
		};
/* End PBXGroup section */

/* Begin PBXNativeTarget section */
		22138AA91F1CB01200B5532B /* MemoryDirectivesReview */ = {
			isa = PBXNativeTarget;
			buildConfigurationList = 22138AB11F1CB01200B5532B /* Build configuration list for PBXNativeTarget "MemoryDirectivesReview" */;
			buildPhases = (
				22138AA61F1CB01200B5532B /* Sources */,
				22138AA71F1CB01200B5532B /* Frameworks */,
				22138AA81F1CB01200B5532B /* CopyFiles */,
			);
			buildRules = (
			);
			dependencies = (
			);
			name = MemoryDirectivesReview;
			productName = MemoryDirectivesReview;
			productReference = 22138AAA1F1CB01200B5532B /* MemoryDirectivesReview */;
			productType = "com.apple.product-type.tool";
		};
/* End PBXNativeTarget section */

/* Begin PBXProject section */
		22138AA21F1CB01200B5532B /* Project object */ = {
			isa = PBXProject;
			attributes = {
				LastUpgradeCheck = 0830;
				ORGANIZATIONNAME = "Shaan Mirchandani";
				TargetAttributes = {
					22138AA91F1CB01200B5532B = {
						CreatedOnToolsVersion = 8.3.3;
						ProvisioningStyle = Automatic;
					};
				};
			};
			buildConfigurationList = 22138AA51F1CB01200B5532B /* Build configuration list for PBXProject "MemoryDirectivesReview" */;
			compatibilityVersion = "Xcode 3.2";
			developmentRegion = English;
			hasScannedForEncodings = 0;
			knownRegions = (
				en,
			);
			mainGroup = 22138AA11F1CB01200B5532B;
			productRefGroup = 22138AAB1F1CB01200B5532B /* Products */;
			projectDirPath = "";
			projectRoot = "";
			targets = (
				22138AA91F1CB01200B5532B /* MemoryDirectivesReview */,
			);
		};
/* End PBXProject section */

/* Begin PBXSourcesBuildPhase section */
		22138AA61F1CB01200B5532B /* Sources */ = {
			isa = PBXSourcesBuildPhase;
			buildActionMask = 2147483647;
			files = (
				22138AAE1F1CB01200B5532B /* main.m in Sources */,
				22138AB61F1CB05000B5532B /* Tiger.m in Sources */,
			);
			runOnlyForDeploymentPostprocessing = 0;
		};
/* End PBXSourcesBuildPhase section */

/* Begin XCBuildConfiguration section */
		22138AAF1F1CB01200B5532B /* Debug */ = {
			isa = XCBuildConfiguration;
			buildSettings = {
				ALWAYS_SEARCH_USER_PATHS = NO;
				CLANG_ANALYZER_NONNULL = YES;
				CLANG_ANALYZER_NUMBER_OBJECT_CONVERSION = YES_AGGRESSIVE;
				CLANG_CXX_LANGUAGE_STANDARD = "gnu++0x";
				CLANG_CXX_LIBRARY = "libc++";
				CLANG_ENABLE_MODULES = YES;
				CLANG_ENABLE_OBJC_ARC = YES;
				CLANG_WARN_BOOL_CONVERSION = YES;
				CLANG_WARN_CONSTANT_CONVERSION = YES;
				CLANG_WARN_DIRECT_OBJC_ISA_USAGE = YES_ERROR;
				CLANG_WARN_DOCUMENTATION_COMMENTS = YES;
				CLANG_WARN_EMPTY_BODY = YES;
				CLANG_WARN_ENUM_CONVERSION = YES;
				CLANG_WARN_INFINITE_RECURSION = YES;
				CLANG_WARN_INT_CONVERSION = YES;
				CLANG_WARN_OBJC_ROOT_CLASS = YES_ERROR;
				CLANG_WARN_SUSPICIOUS_MOVE = YES;
				CLANG_WARN_UNREACHABLE_CODE = YES;
				CLANG_WARN__DUPLICATE_METHOD_MATCH = YES;
				CODE_SIGN_IDENTITY = "-";
				COPY_PHASE_STRIP = NO;
				DEBUG_INFORMATION_FORMAT = dwarf;
				ENABLE_STRICT_OBJC_MSGSEND = YES;
				ENABLE_TESTABILITY = YES;
				GCC_C_LANGUAGE_STANDARD = gnu99;
				GCC_DYNAMIC_NO_PIC = NO;
				GCC_NO_COMMON_BLOCKS = YES;
				GCC_OPTIMIZATION_LEVEL = 0;
				GCC_PREPROCESSOR_DEFINITIONS = (
					"DEBUG=1",
					"$(inherited)",
				);
				GCC_WARN_64_TO_32_BIT_CONVERSION = YES;
				GCC_WARN_ABOUT_RETURN_TYPE = YES_ERROR;
				GCC_WARN_UNDECLARED_SELECTOR = YES;
				GCC_WARN_UNINITIALIZED_AUTOS = YES_AGGRESSIVE;
				GCC_WARN_UNUSED_FUNCTION = YES;
				GCC_WARN_UNUSED_VARIABLE = YES;
				MACOSX_DEPLOYMENT_TARGET = 10.12;
				MTL_ENABLE_DEBUG_INFO = YES;
				ONLY_ACTIVE_ARCH = YES;
				SDKROOT = macosx;
			};
			name = Debug;
		};
		22138AB01F1CB01200B5532B /* Release */ = {
			isa = XCBuildConfiguration;
			buildSettings = {
				ALWAYS_SEARCH_USER_PATHS = NO;
				CLANG_ANALYZER_NONNULL = YES;
				CLANG_ANALYZER_NUMBER_OBJECT_CONVERSION = YES_AGGRESSIVE;
				CLANG_CXX_LANGUAGE_STANDARD = "gnu++0x";
				CLANG_CXX_LIBRARY = "libc++";
				CLANG_ENABLE_MODULES = YES;
				CLANG_ENABLE_OBJC_ARC = YES;
				CLANG_WARN_BOOL_CONVERSION = YES;
				CLANG_WARN_CONSTANT_CONVERSION = YES;
				CLANG_WARN_DIRECT_OBJC_ISA_USAGE = YES_ERROR;
				CLANG_WARN_DOCUMENTATION_COMMENTS = YES;
				CLANG_WARN_EMPTY_BODY = YES;
				CLANG_WARN_ENUM_CONVERSION = YES;
				CLANG_WARN_INFINITE_RECURSION = YES;
				CLANG_WARN_INT_CONVERSION = YES;
				CLANG_WARN_OBJC_ROOT_CLASS = YES_ERROR;
				CLANG_WARN_SUSPICIOUS_MOVE = YES;
				CLANG_WARN_UNREACHABLE_CODE = YES;
				CLANG_WARN__DUPLICATE_METHOD_MATCH = YES;
				CODE_SIGN_IDENTITY = "-";
				COPY_PHASE_STRIP = NO;
				DEBUG_INFORMATION_FORMAT = "dwarf-with-dsym";
				ENABLE_NS_ASSERTIONS = NO;
				ENABLE_STRICT_OBJC_MSGSEND = YES;
				GCC_C_LANGUAGE_STANDARD = gnu99;
				GCC_NO_COMMON_BLOCKS = YES;
				GCC_WARN_64_TO_32_BIT_CONVERSION = YES;
				GCC_WARN_ABOUT_RETURN_TYPE = YES_ERROR;
				GCC_WARN_UNDECLARED_SELECTOR = YES;
				GCC_WARN_UNINITIALIZED_AUTOS = YES_AGGRESSIVE;
				GCC_WARN_UNUSED_FUNCTION = YES;
				GCC_WARN_UNUSED_VARIABLE = YES;
				MACOSX_DEPLOYMENT_TARGET = 10.12;
				MTL_ENABLE_DEBUG_INFO = NO;
				SDKROOT = macosx;
			};
			name = Release;
		};
		22138AB21F1CB01200B5532B /* Debug */ = {
			isa = XCBuildConfiguration;
			buildSettings = {
				PRODUCT_NAME = "$(TARGET_NAME)";
			};
			name = Debug;
		};
		22138AB31F1CB01200B5532B /* Release */ = {
			isa = XCBuildConfiguration;
			buildSettings = {
				PRODUCT_NAME = "$(TARGET_NAME)";
			};
			name = Release;
		};
/* End XCBuildConfiguration section */

/* Begin XCConfigurationList section */
		22138AA51F1CB01200B5532B /* Build configuration list for PBXProject "MemoryDirectivesReview" */ = {
			isa = XCConfigurationList;
			buildConfigurations = (
				22138AAF1F1CB01200B5532B /* Debug */,
				22138AB01F1CB01200B5532B /* Release */,
			);
			defaultConfigurationIsVisible = 0;
			defaultConfigurationName = Release;
		};
		22138AB11F1CB01200B5532B /* Build configuration list for PBXNativeTarget "MemoryDirectivesReview" */ = {
			isa = XCConfigurationList;
			buildConfigurations = (
				22138AB21F1CB01200B5532B /* Debug */,
				22138AB31F1CB01200B5532B /* Release */,
			);
			defaultConfigurationIsVisible = 0;
		};
/* End XCConfigurationList section */
	};
	rootObject = 22138AA21F1CB01200B5532B /* Project object */;
}
